// !$*UTF8*$!
{
	archiveVersion = 1;
	classes = {
	};
	objectVersion = 46;
	objects = {

/* Begin PBXBuildFile section */
		D301E8851DD797530058EDAF /* AppDelegate.swift in Sources */ = {isa = PBXBuildFile; fileRef = D301E8841DD797530058EDAF /* AppDelegate.swift */; };
		D301E8871DD797530058EDAF /* ViewController.swift in Sources */ = {isa = PBXBuildFile; fileRef = D301E8861DD797530058EDAF /* ViewController.swift */; };
		D301E88A1DD797530058EDAF /* Main.storyboard in Resources */ = {isa = PBXBuildFile; fileRef = D301E8881DD797530058EDAF /* Main.storyboard */; };
		D301E88C1DD797530058EDAF /* Assets.xcassets in Resources */ = {isa = PBXBuildFile; fileRef = D301E88B1DD797530058EDAF /* Assets.xcassets */; };
		D301E88F1DD797530058EDAF /* LaunchScreen.storyboard in Resources */ = {isa = PBXBuildFile; fileRef = D301E88D1DD797530058EDAF /* LaunchScreen.storyboard */; };
		D301E89A1DD797530058EDAF /* BeaconTest2Tests.swift in Sources */ = {isa = PBXBuildFile; fileRef = D301E8991DD797530058EDAF /* BeaconTest2Tests.swift */; };
		D301E8A51DD797530058EDAF /* BeaconTest2UITests.swift in Sources */ = {isa = PBXBuildFile; fileRef = D301E8A41DD797530058EDAF /* BeaconTest2UITests.swift */; };
		D301E8B41DD797740058EDAF /* CoreLocation.framework in Frameworks */ = {isa = PBXBuildFile; fileRef = D301E8B31DD797740058EDAF /* CoreLocation.framework */; };
/* End PBXBuildFile section */

/* Begin PBXContainerItemProxy section */
		D301E8961DD797530058EDAF /* PBXContainerItemProxy */ = {
			isa = PBXContainerItemProxy;
			containerPortal = D301E8791DD797520058EDAF /* Project object */;
			proxyType = 1;
			remoteGlobalIDString = D301E8801DD797520058EDAF;
			remoteInfo = BeaconTest2;
		};
		D301E8A11DD797530058EDAF /* PBXContainerItemProxy */ = {
			isa = PBXContainerItemProxy;
			containerPortal = D301E8791DD797520058EDAF /* Project object */;
			proxyType = 1;
			remoteGlobalIDString = D301E8801DD797520058EDAF;
			remoteInfo = BeaconTest2;
		};
/* End PBXContainerItemProxy section */

/* Begin PBXFileReference section */
		D301E8811DD797530058EDAF /* BeaconTest2.app */ = {isa = PBXFileReference; explicitFileType = wrapper.application; includeInIndex = 0; path = BeaconTest2.app; sourceTree = BUILT_PRODUCTS_DIR; };
		D301E8841DD797530058EDAF /* AppDelegate.swift */ = {isa = PBXFileReference; lastKnownFileType = sourcecode.swift; path = AppDelegate.swift; sourceTree = "<group>"; };
		D301E8861DD797530058EDAF /* ViewController.swift */ = {isa = PBXFileReference; lastKnownFileType = sourcecode.swift; path = ViewController.swift; sourceTree = "<group>"; };
		D301E8891DD797530058EDAF /* Base */ = {isa = PBXFileReference; lastKnownFileType = file.storyboard; name = Base; path = Base.lproj/Main.storyboard; sourceTree = "<group>"; };
		D301E88B1DD797530058EDAF /* Assets.xcassets */ = {isa = PBXFileReference; lastKnownFileType = folder.assetcatalog; path = Assets.xcassets; sourceTree = "<group>"; };
		D301E88E1DD797530058EDAF /* Base */ = {isa = PBXFileReference; lastKnownFileType = file.storyboard; name = Base; path = Base.lproj/LaunchScreen.storyboard; sourceTree = "<group>"; };
		D301E8901DD797530058EDAF /* Info.plist */ = {isa = PBXFileReference; lastKnownFileType = text.plist.xml; path = Info.plist; sourceTree = "<group>"; };
		D301E8951DD797530058EDAF /* BeaconTest2Tests.xctest */ = {isa = PBXFileReference; explicitFileType = wrapper.cfbundle; includeInIndex = 0; path = BeaconTest2Tests.xctest; sourceTree = BUILT_PRODUCTS_DIR; };
		D301E8991DD797530058EDAF /* BeaconTest2Tests.swift */ = {isa = PBXFileReference; lastKnownFileType = sourcecode.swift; path = BeaconTest2Tests.swift; sourceTree = "<group>"; };
		D301E89B1DD797530058EDAF /* Info.plist */ = {isa = PBXFileReference; lastKnownFileType = text.plist.xml; path = Info.plist; sourceTree = "<group>"; };
		D301E8A01DD797530058EDAF /* BeaconTest2UITests.xctest */ = {isa = PBXFileReference; explicitFileType = wrapper.cfbundle; includeInIndex = 0; path = BeaconTest2UITests.xctest; sourceTree = BUILT_PRODUCTS_DIR; };
		D301E8A41DD797530058EDAF /* BeaconTest2UITests.swift */ = {isa = PBXFileReference; lastKnownFileType = sourcecode.swift; path = BeaconTest2UITests.swift; sourceTree = "<group>"; };
		D301E8A61DD797530058EDAF /* Info.plist */ = {isa = PBXFileReference; lastKnownFileType = text.plist.xml; path = Info.plist; sourceTree = "<group>"; };
		D301E8B31DD797740058EDAF /* CoreLocation.framework */ = {isa = PBXFileReference; lastKnownFileType = wrapper.framework; name = CoreLocation.framework; path = System/Library/Frameworks/CoreLocation.framework; sourceTree = SDKROOT; };
/* End PBXFileReference section */

/* Begin PBXFrameworksBuildPhase section */
		D301E87E1DD797520058EDAF /* Frameworks */ = {
			isa = PBXFrameworksBuildPhase;
			buildActionMask = 2147483647;
			files = (
				D301E8B41DD797740058EDAF /* CoreLocation.framework in Frameworks */,
			);
			runOnlyForDeploymentPostprocessing = 0;
		};
		D301E8921DD797530058EDAF /* Frameworks */ = {
			isa = PBXFrameworksBuildPhase;
			buildActionMask = 2147483647;
			files = (
			);
			runOnlyForDeploymentPostprocessing = 0;
		};
		D301E89D1DD797530058EDAF /* Frameworks */ = {
			isa = PBXFrameworksBuildPhase;
			buildActionMask = 2147483647;
			files = (
			);
			runOnlyForDeploymentPostprocessing = 0;
		};
/* End PBXFrameworksBuildPhase section */

/* Begin PBXGroup section */
		D301E8781DD797520058EDAF = {
			isa = PBXGroup;
			children = (
				D301E8831DD797530058EDAF /* BeaconTest2 */,
				D301E8981DD797530058EDAF /* BeaconTest2Tests */,
				D301E8A31DD797530058EDAF /* BeaconTest2UITests */,
				D301E8821DD797530058EDAF /* Products */,
				D301E8B21DD797740058EDAF /* Frameworks */,
			);
			sourceTree = "<group>";
		};
		D301E8821DD797530058EDAF /* Products */ = {
			isa = PBXGroup;
			children = (
				D301E8811DD797530058EDAF /* BeaconTest2.app */,
				D301E8951DD797530058EDAF /* BeaconTest2Tests.xctest */,
				D301E8A01DD797530058EDAF /* BeaconTest2UITests.xctest */,
			);
			name = Products;
			sourceTree = "<group>";
		};
		D301E8831DD797530058EDAF /* BeaconTest2 */ = {
			isa = PBXGroup;
			children = (
				D301E8841DD797530058EDAF /* AppDelegate.swift */,
				D301E8861DD797530058EDAF /* ViewController.swift */,
				D301E8881DD797530058EDAF /* Main.storyboard */,
				D301E88B1DD797530058EDAF /* Assets.xcassets */,
				D301E88D1DD797530058EDAF /* LaunchScreen.storyboard */,
				D301E8901DD797530058EDAF /* Info.plist */,
			);
			path = BeaconTest2;
			sourceTree = "<group>";
		};
		D301E8981DD797530058EDAF /* BeaconTest2Tests */ = {
			isa = PBXGroup;
			children = (
				D301E8991DD797530058EDAF /* BeaconTest2Tests.swift */,
				D301E89B1DD797530058EDAF /* Info.plist */,
			);
			path = BeaconTest2Tests;
			sourceTree = "<group>";
		};
		D301E8A31DD797530058EDAF /* BeaconTest2UITests */ = {
			isa = PBXGroup;
			children = (
				D301E8A41DD797530058EDAF /* BeaconTest2UITests.swift */,
				D301E8A61DD797530058EDAF /* Info.plist */,
			);
			path = BeaconTest2UITests;
			sourceTree = "<group>";
		};
		D301E8B21DD797740058EDAF /* Frameworks */ = {
			isa = PBXGroup;
			children = (
				D301E8B31DD797740058EDAF /* CoreLocation.framework */,
			);
			name = Frameworks;
			sourceTree = "<group>";
		};
/* End PBXGroup section */

/* Begin PBXNativeTarget section */
		D301E8801DD797520058EDAF /* BeaconTest2 */ = {
			isa = PBXNativeTarget;
			buildConfigurationList = D301E8A91DD797530058EDAF /* Build configuration list for PBXNativeTarget "BeaconTest2" */;
			buildPhases = (
				D301E87D1DD797520058EDAF /* Sources */,
				D301E87E1DD797520058EDAF /* Frameworks */,
				D301E87F1DD797520058EDAF /* Resources */,
			);
			buildRules = (
			);
			dependencies = (
			);
			name = BeaconTest2;
			productName = BeaconTest2;
			productReference = D301E8811DD797530058EDAF /* BeaconTest2.app */;
			productType = "com.apple.product-type.application";
		};
		D301E8941DD797530058EDAF /* BeaconTest2Tests */ = {
			isa = PBXNativeTarget;
			buildConfigurationList = D301E8AC1DD797530058EDAF /* Build configuration list for PBXNativeTarget "BeaconTest2Tests" */;
			buildPhases = (
				D301E8911DD797530058EDAF /* Sources */,
				D301E8921DD797530058EDAF /* Frameworks */,
				D301E8931DD797530058EDAF /* Resources */,
			);
			buildRules = (
			);
			dependencies = (
				D301E8971DD797530058EDAF /* PBXTargetDependency */,
			);
			name = BeaconTest2Tests;
			productName = BeaconTest2Tests;
			productReference = D301E8951DD797530058EDAF /* BeaconTest2Tests.xctest */;
			productType = "com.apple.product-type.bundle.unit-test";
		};
		D301E89F1DD797530058EDAF /* BeaconTest2UITests */ = {
			isa = PBXNativeTarget;
			buildConfigurationList = D301E8AF1DD797530058EDAF /* Build configuration list for PBXNativeTarget "BeaconTest2UITests" */;
			buildPhases = (
				D301E89C1DD797530058EDAF /* Sources */,
				D301E89D1DD797530058EDAF /* Frameworks */,
				D301E89E1DD797530058EDAF /* Resources */,
			);
			buildRules = (
			);
			dependencies = (
				D301E8A21DD797530058EDAF /* PBXTargetDependency */,
			);
			name = BeaconTest2UITests;
			productName = BeaconTest2UITests;
			productReference = D301E8A01DD797530058EDAF /* BeaconTest2UITests.xctest */;
			productType = "com.apple.product-type.bundle.ui-testing";
		};
/* End PBXNativeTarget section */

/* Begin PBXProject section */
		D301E8791DD797520058EDAF /* Project object */ = {
			isa = PBXProject;
			attributes = {
				LastSwiftUpdateCheck = 0810;
				LastUpgradeCheck = 0810;
				ORGANIZATIONNAME = "Pujan Dave";
				TargetAttributes = {
					D301E8801DD797520058EDAF = {
						CreatedOnToolsVersion = 8.1;
						DevelopmentTeam = A34Z338JKJ;
						ProvisioningStyle = Automatic;
						SystemCapabilities = {
							com.apple.BackgroundModes = {
								enabled = 1;
							};
						};
					};
					D301E8941DD797530058EDAF = {
						CreatedOnToolsVersion = 8.1;
						DevelopmentTeam = WUZ75YU9B9;
						ProvisioningStyle = Automatic;
						TestTargetID = D301E8801DD797520058EDAF;
					};
					D301E89F1DD797530058EDAF = {
						CreatedOnToolsVersion = 8.1;
						DevelopmentTeam = WUZ75YU9B9;
						ProvisioningStyle = Automatic;
						TestTargetID = D301E8801DD797520058EDAF;
					};
				};
			};
			buildConfigurationList = D301E87C1DD797520058EDAF /* Build configuration list for PBXProject "BeaconTest2" */;
			compatibilityVersion = "Xcode 3.2";
			developmentRegion = English;
			hasScannedForEncodings = 0;
			knownRegions = (
				en,
				Base,
			);
			mainGroup = D301E8781DD797520058EDAF;
			productRefGroup = D301E8821DD797530058EDAF /* Products */;
			projectDirPath = "";
			projectRoot = "";
			targets = (
				D301E8801DD797520058EDAF /* BeaconTest2 */,
				D301E8941DD797530058EDAF /* BeaconTest2Tests */,
				D301E89F1DD797530058EDAF /* BeaconTest2UITests */,
			);
		};
/* End PBXProject section */

/* Begin PBXResourcesBuildPhase section */
		D301E87F1DD797520058EDAF /* Resources */ = {
			isa = PBXResourcesBuildPhase;
			buildActionMask = 2147483647;
			files = (
				D301E88F1DD797530058EDAF /* LaunchScreen.storyboard in Resources */,
				D301E88C1DD797530058EDAF /* Assets.xcassets in Resources */,
				D301E88A1DD797530058EDAF /* Main.storyboard in Resources */,
			);
			runOnlyForDeploymentPostprocessing = 0;
		};
		D301E8931DD797530058EDAF /* Resources */ = {
			isa = PBXResourcesBuildPhase;
			buildActionMask = 2147483647;
			files = (
			);
			runOnlyForDeploymentPostprocessing = 0;
		};
		D301E89E1DD797530058EDAF /* Resources */ = {
			isa = PBXResourcesBuildPhase;
			buildActionMask = 2147483647;
			files = (
			);
			runOnlyForDeploymentPostprocessing = 0;
		};
/* End PBXResourcesBuildPhase section */

/* Begin PBXSourcesBuildPhase section */
		D301E87D1DD797520058EDAF /* Sources */ = {
			isa = PBXSourcesBuildPhase;
			buildActionMask = 2147483647;
			files = (
				D301E8871DD797530058EDAF /* ViewController.swift in Sources */,
				D301E8851DD797530058EDAF /* AppDelegate.swift in Sources */,
			);
			runOnlyForDeploymentPostprocessing = 0;
		};
		D301E8911DD797530058EDAF /* Sources */ = {
			isa = PBXSourcesBuildPhase;
			buildActionMask = 2147483647;
			files = (
				D301E89A1DD797530058EDAF /* BeaconTest2Tests.swift in Sources */,
			);
			runOnlyForDeploymentPostprocessing = 0;
		};
		D301E89C1DD797530058EDAF /* Sources */ = {
			isa = PBXSourcesBuildPhase;
			buildActionMask = 2147483647;
			files = (
				D301E8A51DD797530058EDAF /* BeaconTest2UITests.swift in Sources */,
			);
			runOnlyForDeploymentPostprocessing = 0;
		};
/* End PBXSourcesBuildPhase section */

/* Begin PBXTargetDependency section */
		D301E8971DD797530058EDAF /* PBXTargetDependency */ = {
			isa = PBXTargetDependency;
			target = D301E8801DD797520058EDAF /* BeaconTest2 */;
			targetProxy = D301E8961DD797530058EDAF /* PBXContainerItemProxy */;
		};
		D301E8A21DD797530058EDAF /* PBXTargetDependency */ = {
			isa = PBXTargetDependency;
			target = D301E8801DD797520058EDAF /* BeaconTest2 */;
			targetProxy = D301E8A11DD797530058EDAF /* PBXContainerItemProxy */;
		};
/* End PBXTargetDependency section */

/* Begin PBXVariantGroup section */
		D301E8881DD797530058EDAF /* Main.storyboard */ = {
			isa = PBXVariantGroup;
			children = (
				D301E8891DD797530058EDAF /* Base */,
			);
			name = Main.storyboard;
			sourceTree = "<group>";
		};
		D301E88D1DD797530058EDAF /* LaunchScreen.storyboard */ = {
			isa = PBXVariantGroup;
			children = (
				D301E88E1DD797530058EDAF /* Base */,
			);
			name = LaunchScreen.storyboard;
			sourceTree = "<group>";
		};
/* End PBXVariantGroup section */

/* Begin XCBuildConfiguration section */
		D301E8A71DD797530058EDAF /* Debug */ = {
			isa = XCBuildConfiguration;
			buildSettings = {
				ALWAYS_SEARCH_USER_PATHS = NO;
				CLANG_ANALYZER_NONNULL = YES;
				CLANG_CXX_LANGUAGE_STANDARD = "gnu++0x";
				CLANG_CXX_LIBRARY = "libc++";
				CLANG_ENABLE_MODULES = YES;
				CLANG_ENABLE_OBJC_ARC = YES;
				CLANG_WARN_BOOL_CONVERSION = YES;
				CLANG_WARN_CONSTANT_CONVERSION = YES;
				CLANG_WARN_DIRECT_OBJC_ISA_USAGE = YES_ERROR;
				CLANG_WARN_DOCUMENTATION_COMMENTS = YES;
				CLANG_WARN_EMPTY_BODY = YES;
				CLANG_WARN_ENUM_CONVERSION = YES;
				CLANG_WARN_INFINITE_RECURSION = YES;
				CLANG_WARN_INT_CONVERSION = YES;
				CLANG_WARN_OBJC_ROOT_CLASS = YES_ERROR;
				CLANG_WARN_SUSPICIOUS_MOVES = YES;
				CLANG_WARN_UNREACHABLE_CODE = YES;
				CLANG_WARN__DUPLICATE_METHOD_MATCH = YES;
				"CODE_SIGN_IDENTITY[sdk=iphoneos*]" = "iPhone Developer";
				COPY_PHASE_STRIP = NO;
				DEBUG_INFORMATION_FORMAT = dwarf;
				ENABLE_STRICT_OBJC_MSGSEND = YES;
				ENABLE_TESTABILITY = YES;
				GCC_C_LANGUAGE_STANDARD = gnu99;
				GCC_DYNAMIC_NO_PIC = NO;
				GCC_NO_COMMON_BLOCKS = YES;
				GCC_OPTIMIZATION_LEVEL = 0;
				GCC_PREPROCESSOR_DEFINITIONS = (
					"DEBUG=1",
					"$(inherited)",
				);
				GCC_WARN_64_TO_32_BIT_CONVERSION = YES;
				GCC_WARN_ABOUT_RETURN_TYPE = YES_ERROR;
				GCC_WARN_UNDECLARED_SELECTOR = YES;
				GCC_WARN_UNINITIALIZED_AUTOS = YES_AGGRESSIVE;
				GCC_WARN_UNUSED_FUNCTION = YES;
				GCC_WARN_UNUSED_VARIABLE = YES;
				IPHONEOS_DEPLOYMENT_TARGET = 10.1;
				MTL_ENABLE_DEBUG_INFO = YES;
				ONLY_ACTIVE_ARCH = YES;
				SDKROOT = iphoneos;
				SWIFT_ACTIVE_COMPILATION_CONDITIONS = DEBUG;
				SWIFT_OPTIMIZATION_LEVEL = "-Onone";
				TARGETED_DEVICE_FAMILY = "1,2";
			};
			name = Debug;
		};
		D301E8A81DD797530058EDAF /* Release */ = {
			isa = XCBuildConfiguration;
			buildSettings = {
				ALWAYS_SEARCH_USER_PATHS = NO;
				CLANG_ANALYZER_NONNULL = YES;
				CLANG_CXX_LANGUAGE_STANDARD = "gnu++0x";
				CLANG_CXX_LIBRARY = "libc++";
				CLANG_ENABLE_MODULES = YES;
				CLANG_ENABLE_OBJC_ARC = YES;
				CLANG_WARN_BOOL_CONVERSION = YES;
				CLANG_WARN_CONSTANT_CONVERSION = YES;
				CLANG_WARN_DIRECT_OBJC_ISA_USAGE = YES_ERROR;
				CLANG_WARN_DOCUMENTATION_COMMENTS = YES;
				CLANG_WARN_EMPTY_BODY = YES;
				CLANG_WARN_ENUM_CONVERSION = YES;
				CLANG_WARN_INFINITE_RECURSION = YES;
				CLANG_WARN_INT_CONVERSION = YES;
				CLANG_WARN_OBJC_ROOT_CLASS = YES_ERROR;
				CLANG_WARN_SUSPICIOUS_MOVES = YES;
				CLANG_WARN_UNREACHABLE_CODE = YES;
				CLANG_WARN__DUPLICATE_METHOD_MATCH = YES;
				"CODE_SIGN_IDENTITY[sdk=iphoneos*]" = "iPhone Developer";
				COPY_PHASE_STRIP = NO;
				DEBUG_INFORMATION_FORMAT = "dwarf-with-dsym";
				ENABLE_NS_ASSERTIONS = NO;
				ENABLE_STRICT_OBJC_MSGSEND = YES;
				GCC_C_LANGUAGE_STANDARD = gnu99;
				GCC_NO_COMMON_BLOCKS = YES;
				GCC_WARN_64_TO_32_BIT_CONVERSION = YES;
				GCC_WARN_ABOUT_RETURN_TYPE = YES_ERROR;
				GCC_WARN_UNDECLARED_SELECTOR = YES;
				GCC_WARN_UNINITIALIZED_AUTOS = YES_AGGRESSIVE;
				GCC_WARN_UNUSED_FUNCTION = YES;
				GCC_WARN_UNUSED_VARIABLE = YES;
				IPHONEOS_DEPLOYMENT_TARGET = 10.1;
				MTL_ENABLE_DEBUG_INFO = NO;
				SDKROOT = iphoneos;
				SWIFT_OPTIMIZATION_LEVEL = "-Owholemodule";
				TARGETED_DEVICE_FAMILY = "1,2";
				VALIDATE_PRODUCT = YES;
			};
			name = Release;
		};
		D301E8AA1DD797530058EDAF /* Debug */ = {
			isa = XCBuildConfiguration;
			buildSettings = {
				ASSETCATALOG_COMPILER_APPICON_NAME = AppIcon;
				DEVELOPMENT_TEAM = A34Z338JKJ;
				INFOPLIST_FILE = BeaconTest2/Info.plist;
				IPHONEOS_DEPLOYMENT_TARGET = 10.0;
				LD_RUNPATH_SEARCH_PATHS = "$(inherited) @executable_path/Frameworks";
				PRODUCT_BUNDLE_IDENTIFIER = com.BeaconTest2;
				PRODUCT_NAME = "$(TARGET_NAME)";
				SWIFT_VERSION = 3.0;
			};
			name = Debug;
		};
		D301E8AB1DD797530058EDAF /* Release */ = {
			isa = XCBuildConfiguration;
			buildSettings = {
				ASSETCATALOG_COMPILER_APPICON_NAME = AppIcon;
				DEVELOPMENT_TEAM = A34Z338JKJ;
				INFOPLIST_FILE = BeaconTest2/Info.plist;
				IPHONEOS_DEPLOYMENT_TARGET = 10.0;
				LD_RUNPATH_SEARCH_PATHS = "$(inherited) @executable_path/Frameworks";
				PRODUCT_BUNDLE_IDENTIFIER = com.BeaconTest2;
				PRODUCT_NAME = "$(TARGET_NAME)";
				SWIFT_VERSION = 3.0;
			};
			name = Release;
		};
		D301E8AD1DD797530058EDAF /* Debug */ = {
			isa = XCBuildConfiguration;
			buildSettings = {
				ALWAYS_EMBED_SWIFT_STANDARD_LIBRARIES = YES;
				BUNDLE_LOADER = "$(TEST_HOST)";
				DEVELOPMENT_TEAM = WUZ75YU9B9;
				INFOPLIST_FILE = BeaconTest2Tests/Info.plist;
				LD_RUNPATH_SEARCH_PATHS = "$(inherited) @executable_path/Frameworks @loader_path/Frameworks";
				PRODUCT_BUNDLE_IDENTIFIER = com.pujandave.BeaconTest2Tests;
				PRODUCT_NAME = "$(TARGET_NAME)";
				SWIFT_VERSION = 3.0;
				TEST_HOST = "$(BUILT_PRODUCTS_DIR)/BeaconTest2.app/BeaconTest2";
			};
			name = Debug;
		};
		D301E8AE1DD797530058EDAF /* Release */ = {
			isa = XCBuildConfiguration;
			buildSettings = {
				ALWAYS_EMBED_SWIFT_STANDARD_LIBRARIES = YES;
				BUNDLE_LOADER = "$(TEST_HOST)";
				DEVELOPMENT_TEAM = WUZ75YU9B9;
				INFOPLIST_FILE = BeaconTest2Tests/Info.plist;
				LD_RUNPATH_SEARCH_PATHS = "$(inherited) @executable_path/Frameworks @loader_path/Frameworks";
				PRODUCT_BUNDLE_IDENTIFIER = com.pujandave.BeaconTest2Tests;
				PRODUCT_NAME = "$(TARGET_NAME)";
				SWIFT_VERSION = 3.0;
				TEST_HOST = "$(BUILT_PRODUCTS_DIR)/BeaconTest2.app/BeaconTest2";
			};
			name = Release;
		};
		D301E8B01DD797530058EDAF /* Debug */ = {
			isa = XCBuildConfiguration;
			buildSettings = {
				ALWAYS_EMBED_SWIFT_STANDARD_LIBRARIES = YES;
				DEVELOPMENT_TEAM = WUZ75YU9B9;
				INFOPLIST_FILE = BeaconTest2UITests/Info.plist;
				LD_RUNPATH_SEARCH_PATHS = "$(inherited) @executable_path/Frameworks @loader_path/Frameworks";
				PRODUCT_BUNDLE_IDENTIFIER = com.pujandave.BeaconTest2UITests;
				PRODUCT_NAME = "$(TARGET_NAME)";
				SWIFT_VERSION = 3.0;
				TEST_TARGET_NAME = BeaconTest2;
			};
			name = Debug;
		};
		D301E8B11DD797530058EDAF /* Release */ = {
			isa = XCBuildConfiguration;
			buildSettings = {
				ALWAYS_EMBED_SWIFT_STANDARD_LIBRARIES = YES;
				DEVELOPMENT_TEAM = WUZ75YU9B9;
				INFOPLIST_FILE = BeaconTest2UITests/Info.plist;
				LD_RUNPATH_SEARCH_PATHS = "$(inherited) @executable_path/Frameworks @loader_path/Frameworks";
				PRODUCT_BUNDLE_IDENTIFIER = com.pujandave.BeaconTest2UITests;
				PRODUCT_NAME = "$(TARGET_NAME)";
				SWIFT_VERSION = 3.0;
				TEST_TARGET_NAME = BeaconTest2;
			};
			name = Release;
		};
/* End XCBuildConfiguration section */

/* Begin XCConfigurationList section */
		D301E87C1DD797520058EDAF /* Build configuration list for PBXProject "BeaconTest2" */ = {
			isa = XCConfigurationList;
			buildConfigurations = (
				D301E8A71DD797530058EDAF /* Debug */,
				D301E8A81DD797530058EDAF /* Release */,
			);
			defaultConfigurationIsVisible = 0;
			defaultConfigurationName = Release;
		};
		D301E8A91DD797530058EDAF /* Build configuration list for PBXNativeTarget "BeaconTest2" */ = {
			isa = XCConfigurationList;
			buildConfigurations = (
				D301E8AA1DD797530058EDAF /* Debug */,
				D301E8AB1DD797530058EDAF /* Release */,
			);
			defaultConfigurationIsVisible = 0;
			defaultConfigurationName = Release;
		};
		D301E8AC1DD797530058EDAF /* Build configuration list for PBXNativeTarget "BeaconTest2Tests" */ = {
			isa = XCConfigurationList;
			buildConfigurations = (
				D301E8AD1DD797530058EDAF /* Debug */,
				D301E8AE1DD797530058EDAF /* Release */,
			);
			defaultConfigurationIsVisible = 0;
			defaultConfigurationName = Release;
		};
		D301E8AF1DD797530058EDAF /* Build configuration list for PBXNativeTarget "BeaconTest2UITests" */ = {
			isa = XCConfigurationList;
			buildConfigurations = (
				D301E8B01DD797530058EDAF /* Debug */,
				D301E8B11DD797530058EDAF /* Release */,
			);
			defaultConfigurationIsVisible = 0;
			defaultConfigurationName = Release;
		};
/* End XCConfigurationList section */
	};
	rootObject = D301E8791DD797520058EDAF /* Project object */;
}
